{
  "name": "hacking_course",
  "lockfileVersion": 3,
  "requires": true,
  "packages": {
    "": {
      "dependencies": {
        "@oramacloud/client": "^2.1.4"
      }
    },
    "node_modules/@noble/hashes": {
      "version": "1.7.2",
      "resolved": "https://registry.npmjs.org/@noble/hashes/-/hashes-1.7.2.tgz",
      "integrity": "sha512-biZ0NUSxyjLLqo6KxEJ1b+C2NAx0wtDoFvCaXHGgUkeHzf3Xc1xKumFKREuT7f7DARNZ/slvYUwFG6B0f2b6hQ==",
      "license": "MIT",
      "engines": {
        "node": "^14.21.3 || >=16"
      },
      "funding": {
        "url": "https://paulmillr.com/funding/"
      }
    },
    "node_modules/@orama/cuid2": {
      "version": "2.2.3",
      "resolved": "https://registry.npmjs.org/@orama/cuid2/-/cuid2-2.2.3.tgz",
      "integrity": "sha512-Lcak3chblMejdlSHgYU2lS2cdOhDpU6vkfIJH4m+YKvqQyLqs1bB8+w6NT1MG5bO12NUK2GFc34Mn2xshMIQ1g==",
      "license": "MIT",
      "dependencies": {
        "@noble/hashes": "^1.1.5"
      }
    },
    "node_modules/@orama/orama": {
      "version": "3.1.6",
      "resolved": "https://registry.npmjs.org/@orama/orama/-/orama-3.1.6.tgz",
      "integrity": "sha512-qtSrqCqRU93SjEBedz987tvWao1YQSELjBhGkHYGVP7Dg0lBWP6d+uZEIt5gxTAYio/YWWlhivmRABvRfPLmnQ==",
      "license": "Apache-2.0",
      "engines": {
        "node": ">= 16.0.0"
      }
    },
    "node_modules/@oramacloud/client": {
      "version": "2.1.4",
      "resolved": "https://registry.npmjs.org/@oramacloud/client/-/client-2.1.4.tgz",
      "integrity": "sha512-uNPFs4wq/iOPbggCwTkVNbIr64Vfd7ZS/h+cricXVnzXWocjDTfJ3wLL4lr0qiSu41g8z+eCAGBqJ30RO2O4AA==",
      "license": "ISC",
      "dependencies": {
        "@orama/cuid2": "^2.2.3",
        "@orama/orama": "^3.0.0",
        "lodash": "^4.17.21"
      }
    },
    "node_modules/lodash": {
      "version": "4.17.21",
      "resolved": "https://registry.npmjs.org/lodash/-/lodash-4.17.21.tgz",
      "integrity": "sha512-v2kDEe57lecTulaDIuNTPy3Ry4gLGJ6Z1O3vE1krgXZNrsQ+LFTGHVxVjcXPs17LhbZVGedAJv8XZ1tvj5FvSg==",
      "license": "MIT"
    }
  }
}
